
Microsoft Visual Studio Solution File, Format Version 12.00
# Visual Studio Version 16
VisualStudioVersion = 16.0.32630.194
MinimumVisualStudioVersion = 10.0.40219.1
Project("{FAE04EC0-301F-11D3-BF4B-00C04F79EFBC}") = "Day19Regex", "Day19Regex.csproj", "{6202A291-8F4C-42BA-AE8A-3A8516912437}"
EndProject
Global
	GlobalSection(SolutionConfigurationPlatforms) = preSolution
		Debug|Any CPU = Debug|Any CPU
		Release|Any CPU = Release|Any CPU
	EndGlobalSection
	GlobalSection(ProjectConfigurationPlatforms) = postSolution
		{6202A291-8F4C-42BA-AE8A-3A8516912437}.Debug|Any CPU.ActiveCfg = Debug|Any CPU
		{6202A291-8F4C-42BA-AE8A-3A8516912437}.Debug|Any CPU.Build.0 = Debug|Any CPU
		{6202A291-8F4C-42BA-AE8A-3A8516912437}.Release|Any CPU.ActiveCfg = Release|Any CPU
		{6202A291-8F4C-42BA-AE8A-3A8516912437}.Release|Any CPU.Build.0 = Release|Any CPU
	EndGlobalSection
	GlobalSection(SolutionProperties) = preSolution
		HideSolutionNode = FALSE
	EndGlobalSection
	GlobalSection(ExtensibilityGlobals) = postSolution
		SolutionGuid = {CE8F1C8B-AD02-45B8-88EC-946183FF4757}
	EndGlobalSection
EndGlobal
